
Microsoft Visual Studio Solution File, Format Version 12.00
# Visual Studio Version 17
VisualStudioVersion = 17.0.32014.148
MinimumVisualStudioVersion = 10.0.40219.1
Project("{FAE04EC0-301F-11D3-BF4B-00C04F79EFBC}") = "OgrenciNotKayıtSistemi", "OgrenciNotKayıtSistemi\OgrenciNotKayıtSistemi.csproj", "{BF717F4A-3FB2-4884-9032-24CE1C8C63F3}"
EndProject
Global
	GlobalSection(SolutionConfigurationPlatforms) = preSolution
		Debug|Any CPU = Debug|Any CPU
		Release|Any CPU = Release|Any CPU
	EndGlobalSection
	GlobalSection(ProjectConfigurationPlatforms) = postSolution
		{BF717F4A-3FB2-4884-9032-24CE1C8C63F3}.Debug|Any CPU.ActiveCfg = Debug|Any CPU
		{BF717F4A-3FB2-4884-9032-24CE1C8C63F3}.Debug|Any CPU.Build.0 = Debug|Any CPU
		{BF717F4A-3FB2-4884-9032-24CE1C8C63F3}.Release|Any CPU.ActiveCfg = Release|Any CPU
		{BF717F4A-3FB2-4884-9032-24CE1C8C63F3}.Release|Any CPU.Build.0 = Release|Any CPU
	EndGlobalSection
	GlobalSection(SolutionProperties) = preSolution
		HideSolutionNode = FALSE
	EndGlobalSection
	GlobalSection(ExtensibilityGlobals) = postSolution
		SolutionGuid = {12BD6BDF-63B7-49C8-BF20-826F3D436E4C}
	EndGlobalSection
EndGlobal
